
Microsoft Visual Studio Solution File, Format Version 12.00
# Visual Studio Version 16
VisualStudioVersion = 16.0.29326.143
MinimumVisualStudioVersion = 10.0.40219.1
Project("{FAE04EC0-301F-11D3-BF4B-00C04F79EFBC}") = "СР_Зубрев_Д194_1", "СР_Зубрев_Д194_1\СР_Зубрев_Д194_1.csproj", "{1B11C63C-1881-4AC1-974E-BE2847087CEB}"
EndProject
Global
	GlobalSection(SolutionConfigurationPlatforms) = preSolution
		Debug|Any CPU = Debug|Any CPU
		Release|Any CPU = Release|Any CPU
	EndGlobalSection
	GlobalSection(ProjectConfigurationPlatforms) = postSolution
		{1B11C63C-1881-4AC1-974E-BE2847087CEB}.Debug|Any CPU.ActiveCfg = Debug|Any CPU
		{1B11C63C-1881-4AC1-974E-BE2847087CEB}.Debug|Any CPU.Build.0 = Debug|Any CPU
		{1B11C63C-1881-4AC1-974E-BE2847087CEB}.Release|Any CPU.ActiveCfg = Release|Any CPU
		{1B11C63C-1881-4AC1-974E-BE2847087CEB}.Release|Any CPU.Build.0 = Release|Any CPU
	EndGlobalSection
	GlobalSection(SolutionProperties) = preSolution
		HideSolutionNode = FALSE
	EndGlobalSection
	GlobalSection(ExtensibilityGlobals) = postSolution
		SolutionGuid = {4141A3AD-89EF-4507-AD6C-C5D4D3D13A23}
	EndGlobalSection
EndGlobal
